
Microsoft Visual Studio Solution File, Format Version 12.00
# Visual Studio Version 17
VisualStudioVersion = 17.7.34024.191
MinimumVisualStudioVersion = 10.0.40219.1
Project("{8BC9CEB8-8B4A-11D0-8D11-00A0C91BC942}") = "Lab5_v2", "Lab5_v2\Lab5_v2.vcxproj", "{CDEFA7AE-DA81-412C-8D45-2F8C3AFDEB0F}"
EndProject
Global
	GlobalSection(SolutionConfigurationPlatforms) = preSolution
		Debug|x64 = Debug|x64
		Debug|x86 = Debug|x86
		Release|x64 = Release|x64
		Release|x86 = Release|x86
	EndGlobalSection
	GlobalSection(ProjectConfigurationPlatforms) = postSolution
		{CDEFA7AE-DA81-412C-8D45-2F8C3AFDEB0F}.Debug|x64.ActiveCfg = Debug|x64
		{CDEFA7AE-DA81-412C-8D45-2F8C3AFDEB0F}.Debug|x64.Build.0 = Debug|x64
		{CDEFA7AE-DA81-412C-8D45-2F8C3AFDEB0F}.Debug|x86.ActiveCfg = Debug|Win32
		{CDEFA7AE-DA81-412C-8D45-2F8C3AFDEB0F}.Debug|x86.Build.0 = Debug|Win32
		{CDEFA7AE-DA81-412C-8D45-2F8C3AFDEB0F}.Release|x64.ActiveCfg = Release|x64
		{CDEFA7AE-DA81-412C-8D45-2F8C3AFDEB0F}.Release|x64.Build.0 = Release|x64
		{CDEFA7AE-DA81-412C-8D45-2F8C3AFDEB0F}.Release|x86.ActiveCfg = Release|Win32
		{CDEFA7AE-DA81-412C-8D45-2F8C3AFDEB0F}.Release|x86.Build.0 = Release|Win32
	EndGlobalSection
	GlobalSection(SolutionProperties) = preSolution
		HideSolutionNode = FALSE
	EndGlobalSection
	GlobalSection(ExtensibilityGlobals) = postSolution
		SolutionGuid = {93E3423E-7060-4419-9542-6071CF3402DC}
	EndGlobalSection
EndGlobal
